
Microsoft Visual Studio Solution File, Format Version 12.00
# Visual Studio Version 16
VisualStudioVersion = 16.0.31019.35
MinimumVisualStudioVersion = 10.0.40219.1
Project("{FAE04EC0-301F-11D3-BF4B-00C04F79EFBC}") = "DynamicFormsValidation", "DynamicFormsValidation\DynamicFormsValidation.csproj", "{7EBC2C75-A0C0-4ADA-9961-EC047A698A3D}"
EndProject
Global
	GlobalSection(SolutionConfigurationPlatforms) = preSolution
		Debug|Any CPU = Debug|Any CPU
		Release|Any CPU = Release|Any CPU
	EndGlobalSection
	GlobalSection(ProjectConfigurationPlatforms) = postSolution
		{7EBC2C75-A0C0-4ADA-9961-EC047A698A3D}.Debug|Any CPU.ActiveCfg = Debug|Any CPU
		{7EBC2C75-A0C0-4ADA-9961-EC047A698A3D}.Debug|Any CPU.Build.0 = Debug|Any CPU
		{7EBC2C75-A0C0-4ADA-9961-EC047A698A3D}.Release|Any CPU.ActiveCfg = Release|Any CPU
		{7EBC2C75-A0C0-4ADA-9961-EC047A698A3D}.Release|Any CPU.Build.0 = Release|Any CPU
	EndGlobalSection
	GlobalSection(SolutionProperties) = preSolution
		HideSolutionNode = FALSE
	EndGlobalSection
	GlobalSection(ExtensibilityGlobals) = postSolution
		SolutionGuid = {4AF4BC22-66EF-4825-B33A-570F8FBD4554}
	EndGlobalSection
EndGlobal
